
Microsoft Visual Studio Solution File, Format Version 12.00
Project("{FAE04EC0-301F-11D3-BF4B-00C04F79EFBC}") = "Kolokwium07062026", "Kolokwium07062026\Kolokwium07062026.csproj", "{D3D2F11E-7147-4D5D-A974-BE314849562B}"
EndProject
Global
	GlobalSection(SolutionConfigurationPlatforms) = preSolution
		Debug|Any CPU = Debug|Any CPU
		Release|Any CPU = Release|Any CPU
	EndGlobalSection
	GlobalSection(ProjectConfigurationPlatforms) = postSolution
		{D3D2F11E-7147-4D5D-A974-BE314849562B}.Debug|Any CPU.ActiveCfg = Debug|Any CPU
		{D3D2F11E-7147-4D5D-A974-BE314849562B}.Debug|Any CPU.Build.0 = Debug|Any CPU
		{D3D2F11E-7147-4D5D-A974-BE314849562B}.Release|Any CPU.ActiveCfg = Release|Any CPU
		{D3D2F11E-7147-4D5D-A974-BE314849562B}.Release|Any CPU.Build.0 = Release|Any CPU
	EndGlobalSection
EndGlobal
